
Microsoft Visual Studio Solution File, Format Version 12.00
# Visual Studio 15
VisualStudioVersion = 15.0.26730.8
MinimumVisualStudioVersion = 10.0.40219.1
Project("{FAE04EC0-301F-11D3-BF4B-00C04F79EFBC}") = "TinyPNGApplication", "TinyPNGApplication\TinyPNGApplication.csproj", "{F9AF29A5-C264-4091-9314-463C13ACF3D3}"
EndProject
Global
	GlobalSection(SolutionConfigurationPlatforms) = preSolution
		Debug|Any CPU = Debug|Any CPU
		Release|Any CPU = Release|Any CPU
	EndGlobalSection
	GlobalSection(ProjectConfigurationPlatforms) = postSolution
		{F9AF29A5-C264-4091-9314-463C13ACF3D3}.Debug|Any CPU.ActiveCfg = Debug|Any CPU
		{F9AF29A5-C264-4091-9314-463C13ACF3D3}.Debug|Any CPU.Build.0 = Debug|Any CPU
		{F9AF29A5-C264-4091-9314-463C13ACF3D3}.Release|Any CPU.ActiveCfg = Release|Any CPU
		{F9AF29A5-C264-4091-9314-463C13ACF3D3}.Release|Any CPU.Build.0 = Release|Any CPU
	EndGlobalSection
	GlobalSection(SolutionProperties) = preSolution
		HideSolutionNode = FALSE
	EndGlobalSection
	GlobalSection(ExtensibilityGlobals) = postSolution
		SolutionGuid = {A2CBFE3F-B91C-448A-A5BE-E5589EA835CA}
	EndGlobalSection
EndGlobal
